
Microsoft Visual Studio Solution File, Format Version 12.00
# Visual Studio Version 16
VisualStudioVersion = 16.0.29609.76
MinimumVisualStudioVersion = 10.0.40219.1
Project("{FAE04EC0-301F-11D3-BF4B-00C04F79EFBC}") = "4.1", "4.1\4.1.csproj", "{42155964-56DF-4474-827E-0AF17AA3A549}"
EndProject
Global
	GlobalSection(SolutionConfigurationPlatforms) = preSolution
		Debug|Any CPU = Debug|Any CPU
		Release|Any CPU = Release|Any CPU
	EndGlobalSection
	GlobalSection(ProjectConfigurationPlatforms) = postSolution
		{42155964-56DF-4474-827E-0AF17AA3A549}.Debug|Any CPU.ActiveCfg = Debug|Any CPU
		{42155964-56DF-4474-827E-0AF17AA3A549}.Debug|Any CPU.Build.0 = Debug|Any CPU
		{42155964-56DF-4474-827E-0AF17AA3A549}.Release|Any CPU.ActiveCfg = Release|Any CPU
		{42155964-56DF-4474-827E-0AF17AA3A549}.Release|Any CPU.Build.0 = Release|Any CPU
	EndGlobalSection
	GlobalSection(SolutionProperties) = preSolution
		HideSolutionNode = FALSE
	EndGlobalSection
	GlobalSection(ExtensibilityGlobals) = postSolution
		SolutionGuid = {ECD3001E-F8E8-4248-8904-59571DB2E38E}
	EndGlobalSection
EndGlobal
